
Microsoft Visual Studio Solution File, Format Version 12.00
# Visual Studio Version 17
VisualStudioVersion = 17.11.35327.3
MinimumVisualStudioVersion = 10.0.40219.1
Project("{FAE04EC0-301F-11D3-BF4B-00C04F79EFBC}") = "12.Ejercicios", "12.Ejercicios\12.Ejercicios.csproj", "{0A480D84-778C-4335-842A-26CD556F8596}"
EndProject
Global
	GlobalSection(SolutionConfigurationPlatforms) = preSolution
		Debug|Any CPU = Debug|Any CPU
		Release|Any CPU = Release|Any CPU
	EndGlobalSection
	GlobalSection(ProjectConfigurationPlatforms) = postSolution
		{0A480D84-778C-4335-842A-26CD556F8596}.Debug|Any CPU.ActiveCfg = Debug|Any CPU
		{0A480D84-778C-4335-842A-26CD556F8596}.Debug|Any CPU.Build.0 = Debug|Any CPU
		{0A480D84-778C-4335-842A-26CD556F8596}.Release|Any CPU.ActiveCfg = Release|Any CPU
		{0A480D84-778C-4335-842A-26CD556F8596}.Release|Any CPU.Build.0 = Release|Any CPU
	EndGlobalSection
	GlobalSection(SolutionProperties) = preSolution
		HideSolutionNode = FALSE
	EndGlobalSection
	GlobalSection(ExtensibilityGlobals) = postSolution
		SolutionGuid = {DEBCE504-BA9C-4B71-8223-5AA9CF4A672D}
	EndGlobalSection
EndGlobal
